
Microsoft Visual Studio Solution File, Format Version 12.00
# Visual Studio 14
VisualStudioVersion = 14.0.22823.1
MinimumVisualStudioVersion = 10.0.40219.1
Project("{8BB2217D-0F2D-49D1-97BC-3654ED321F3B}") = "WorkMarketingNet.Website", "WorkMarketingNet.Website\WorkMarketingNet.Website.xproj", "{038E05B8-AF98-42F1-AB3F-1269C50DF0CC}"
EndProject
Project("{8BB2217D-0F2D-49D1-97BC-3654ED321F3B}") = "Microsoft.AspNet.Mvc", "..\Mvc\src\Microsoft.AspNet.Mvc\Microsoft.AspNet.Mvc.xproj", "{079EFA1F-0B0A-4853-B27B-5780D111CD85}"
EndProject
Project("{8BB2217D-0F2D-49D1-97BC-3654ED321F3B}") = "WorkMarketingNet.Localization.Core", "Localization\WorkMarketingNet.Localization.Core\WorkMarketingNet.Localization.Core.xproj", "{DEB06705-EA48-4CF8-8A7C-279CF5BE2E00}"
EndProject
Project("{8BB2217D-0F2D-49D1-97BC-3654ED321F3B}") = "WorkMarketingNet.Localization.Data", "Localization\WorkMarketingNet.Localization.Data\WorkMarketingNet.Localization.Data.xproj", "{6698AF3C-AB10-45FF-89CA-04A67D51B239}"
EndProject
Project("{8BB2217D-0F2D-49D1-97BC-3654ED321F3B}") = "WorkMarketingNet.Logging.Core", "Logging\WorkMarketingNet.Logging.Core\WorkMarketingNet.Logging.Core.xproj", "{BD680C02-C64C-43D4-ADB9-4E33C9C5285C}"
EndProject
Project("{8BB2217D-0F2D-49D1-97BC-3654ED321F3B}") = "WorkMarketingNet.Quotes.Core", "Quotes\WorkMarketingNet.Quotes.Core\WorkMarketingNet.Quotes.Core.xproj", "{DDA4FAF5-5E46-4E8E-9DB5-FB9DA1C82DC7}"
EndProject
Project("{8BB2217D-0F2D-49D1-97BC-3654ED321F3B}") = "WorkMarketingNet.Quotes.Data", "Quotes\WorkMarketingNet.Quotes.Data\WorkMarketingNet.Quotes.Data.xproj", "{9F8D600C-EB0A-456A-9950-37F5C4E1AD1E}"
EndProject
Project("{8BB2217D-0F2D-49D1-97BC-3654ED321F3B}") = "Microsoft.AspNet.Mvc.Common", "..\Mvc\src\Microsoft.AspNet.Mvc.Common\Microsoft.AspNet.Mvc.Common.xproj", "{F3DF6D0B-16FE-4402-B92C-7243A75CF1FD}"
EndProject
Project("{8BB2217D-0F2D-49D1-97BC-3654ED321F3B}") = "Microsoft.AspNet.Mvc.Razor", "..\Mvc\src\Microsoft.AspNet.Mvc.Razor\Microsoft.AspNet.Mvc.Razor.xproj", "{314E9AD6-2FFC-4A92-A8AD-510658C64F1E}"
EndProject
Project("{8BB2217D-0F2D-49D1-97BC-3654ED321F3B}") = "Microsoft.AspNet.Mvc.Core", "..\Mvc\src\Microsoft.AspNet.Mvc.Core\Microsoft.AspNet.Mvc.Core.xproj", "{C48DA9D7-ACB5-4408-AA79-27ECB60A67EF}"
EndProject
Project("{8BB2217D-0F2D-49D1-97BC-3654ED321F3B}") = "Microsoft.AspNet.Mvc.Razor.Host", "..\Mvc\src\Microsoft.AspNet.Mvc.Razor.Host\Microsoft.AspNet.Mvc.Razor.Host.xproj", "{520B3AA4-363A-497C-8C15-80423C5AFC85}"
EndProject
Project("{8BB2217D-0F2D-49D1-97BC-3654ED321F3B}") = "Microsoft.AspNet.PageExecutionInstrumentation.Interfaces", "..\Mvc\src\Microsoft.AspNet.PageExecutionInstrumentation.Interfaces\Microsoft.AspNet.PageExecutionInstrumentation.Interfaces.xproj", "{4DA2D7C1-A7B6-4C01-B57D-89E6EA4609DE}"
EndProject
Project("{8BB2217D-0F2D-49D1-97BC-3654ED321F3B}") = "Microsoft.AspNet.Mvc.ModelBinding", "..\Mvc\src\Microsoft.AspNet.Mvc.ModelBinding\Microsoft.AspNet.Mvc.ModelBinding.xproj", "{FA915D3D-22C3-4478-97F2-A81D28B6C503}"
EndProject
Project("{8BB2217D-0F2D-49D1-97BC-3654ED321F3B}") = "Microsoft.AspNet.JsonPatch", "..\Mvc\src\Microsoft.AspNet.JsonPatch\Microsoft.AspNet.JsonPatch.xproj", "{4D55F4D8-633B-462F-A5B1-FEB84BD2D534}"
EndProject
Project("{8BB2217D-0F2D-49D1-97BC-3654ED321F3B}") = "WorkMarketingNet.Angular2", "WorkMarketingNet.Angular2\WorkMarketingNet.Angular2.xproj", "{F1DB185C-2FE2-4D11-9DF9-914D0F4A9B9E}"
EndProject
Global
	GlobalSection(SolutionConfigurationPlatforms) = preSolution
		Debug|Any CPU = Debug|Any CPU
		Release|Any CPU = Release|Any CPU
	EndGlobalSection
	GlobalSection(ProjectConfigurationPlatforms) = postSolution
		{038E05B8-AF98-42F1-AB3F-1269C50DF0CC}.Debug|Any CPU.ActiveCfg = Debug|Any CPU
		{038E05B8-AF98-42F1-AB3F-1269C50DF0CC}.Debug|Any CPU.Build.0 = Debug|Any CPU
		{038E05B8-AF98-42F1-AB3F-1269C50DF0CC}.Release|Any CPU.ActiveCfg = Release|Any CPU
		{038E05B8-AF98-42F1-AB3F-1269C50DF0CC}.Release|Any CPU.Build.0 = Release|Any CPU
		{079EFA1F-0B0A-4853-B27B-5780D111CD85}.Debug|Any CPU.ActiveCfg = Debug|Any CPU
		{079EFA1F-0B0A-4853-B27B-5780D111CD85}.Debug|Any CPU.Build.0 = Debug|Any CPU
		{079EFA1F-0B0A-4853-B27B-5780D111CD85}.Release|Any CPU.ActiveCfg = Release|Any CPU
		{079EFA1F-0B0A-4853-B27B-5780D111CD85}.Release|Any CPU.Build.0 = Release|Any CPU
		{DEB06705-EA48-4CF8-8A7C-279CF5BE2E00}.Debug|Any CPU.ActiveCfg = Debug|Any CPU
		{DEB06705-EA48-4CF8-8A7C-279CF5BE2E00}.Debug|Any CPU.Build.0 = Debug|Any CPU
		{DEB06705-EA48-4CF8-8A7C-279CF5BE2E00}.Release|Any CPU.ActiveCfg = Release|Any CPU
		{DEB06705-EA48-4CF8-8A7C-279CF5BE2E00}.Release|Any CPU.Build.0 = Release|Any CPU
		{6698AF3C-AB10-45FF-89CA-04A67D51B239}.Debug|Any CPU.ActiveCfg = Debug|Any CPU
		{6698AF3C-AB10-45FF-89CA-04A67D51B239}.Debug|Any CPU.Build.0 = Debug|Any CPU
		{6698AF3C-AB10-45FF-89CA-04A67D51B239}.Release|Any CPU.ActiveCfg = Release|Any CPU
		{6698AF3C-AB10-45FF-89CA-04A67D51B239}.Release|Any CPU.Build.0 = Release|Any CPU
		{BD680C02-C64C-43D4-ADB9-4E33C9C5285C}.Debug|Any CPU.ActiveCfg = Debug|Any CPU
		{BD680C02-C64C-43D4-ADB9-4E33C9C5285C}.Debug|Any CPU.Build.0 = Debug|Any CPU
		{BD680C02-C64C-43D4-ADB9-4E33C9C5285C}.Release|Any CPU.ActiveCfg = Release|Any CPU
		{BD680C02-C64C-43D4-ADB9-4E33C9C5285C}.Release|Any CPU.Build.0 = Release|Any CPU
		{DDA4FAF5-5E46-4E8E-9DB5-FB9DA1C82DC7}.Debug|Any CPU.ActiveCfg = Debug|Any CPU
		{DDA4FAF5-5E46-4E8E-9DB5-FB9DA1C82DC7}.Debug|Any CPU.Build.0 = Debug|Any CPU
		{DDA4FAF5-5E46-4E8E-9DB5-FB9DA1C82DC7}.Release|Any CPU.ActiveCfg = Release|Any CPU
		{DDA4FAF5-5E46-4E8E-9DB5-FB9DA1C82DC7}.Release|Any CPU.Build.0 = Release|Any CPU
		{9F8D600C-EB0A-456A-9950-37F5C4E1AD1E}.Debug|Any CPU.ActiveCfg = Debug|Any CPU
		{9F8D600C-EB0A-456A-9950-37F5C4E1AD1E}.Debug|Any CPU.Build.0 = Debug|Any CPU
		{9F8D600C-EB0A-456A-9950-37F5C4E1AD1E}.Release|Any CPU.ActiveCfg = Release|Any CPU
		{9F8D600C-EB0A-456A-9950-37F5C4E1AD1E}.Release|Any CPU.Build.0 = Release|Any CPU
		{F3DF6D0B-16FE-4402-B92C-7243A75CF1FD}.Debug|Any CPU.ActiveCfg = Debug|Any CPU
		{F3DF6D0B-16FE-4402-B92C-7243A75CF1FD}.Debug|Any CPU.Build.0 = Debug|Any CPU
		{F3DF6D0B-16FE-4402-B92C-7243A75CF1FD}.Release|Any CPU.ActiveCfg = Release|Any CPU
		{F3DF6D0B-16FE-4402-B92C-7243A75CF1FD}.Release|Any CPU.Build.0 = Release|Any CPU
		{314E9AD6-2FFC-4A92-A8AD-510658C64F1E}.Debug|Any CPU.ActiveCfg = Debug|Any CPU
		{314E9AD6-2FFC-4A92-A8AD-510658C64F1E}.Debug|Any CPU.Build.0 = Debug|Any CPU
		{314E9AD6-2FFC-4A92-A8AD-510658C64F1E}.Release|Any CPU.ActiveCfg = Release|Any CPU
		{314E9AD6-2FFC-4A92-A8AD-510658C64F1E}.Release|Any CPU.Build.0 = Release|Any CPU
		{C48DA9D7-ACB5-4408-AA79-27ECB60A67EF}.Debug|Any CPU.ActiveCfg = Debug|Any CPU
		{C48DA9D7-ACB5-4408-AA79-27ECB60A67EF}.Debug|Any CPU.Build.0 = Debug|Any CPU
		{C48DA9D7-ACB5-4408-AA79-27ECB60A67EF}.Release|Any CPU.ActiveCfg = Release|Any CPU
		{C48DA9D7-ACB5-4408-AA79-27ECB60A67EF}.Release|Any CPU.Build.0 = Release|Any CPU
		{520B3AA4-363A-497C-8C15-80423C5AFC85}.Debug|Any CPU.ActiveCfg = Debug|Any CPU
		{520B3AA4-363A-497C-8C15-80423C5AFC85}.Debug|Any CPU.Build.0 = Debug|Any CPU
		{520B3AA4-363A-497C-8C15-80423C5AFC85}.Release|Any CPU.ActiveCfg = Release|Any CPU
		{520B3AA4-363A-497C-8C15-80423C5AFC85}.Release|Any CPU.Build.0 = Release|Any CPU
		{4DA2D7C1-A7B6-4C01-B57D-89E6EA4609DE}.Debug|Any CPU.ActiveCfg = Debug|Any CPU
		{4DA2D7C1-A7B6-4C01-B57D-89E6EA4609DE}.Debug|Any CPU.Build.0 = Debug|Any CPU
		{4DA2D7C1-A7B6-4C01-B57D-89E6EA4609DE}.Release|Any CPU.ActiveCfg = Release|Any CPU
		{4DA2D7C1-A7B6-4C01-B57D-89E6EA4609DE}.Release|Any CPU.Build.0 = Release|Any CPU
		{FA915D3D-22C3-4478-97F2-A81D28B6C503}.Debug|Any CPU.ActiveCfg = Debug|Any CPU
		{FA915D3D-22C3-4478-97F2-A81D28B6C503}.Debug|Any CPU.Build.0 = Debug|Any CPU
		{FA915D3D-22C3-4478-97F2-A81D28B6C503}.Release|Any CPU.ActiveCfg = Release|Any CPU
		{FA915D3D-22C3-4478-97F2-A81D28B6C503}.Release|Any CPU.Build.0 = Release|Any CPU
		{4D55F4D8-633B-462F-A5B1-FEB84BD2D534}.Debug|Any CPU.ActiveCfg = Debug|Any CPU
		{4D55F4D8-633B-462F-A5B1-FEB84BD2D534}.Debug|Any CPU.Build.0 = Debug|Any CPU
		{4D55F4D8-633B-462F-A5B1-FEB84BD2D534}.Release|Any CPU.ActiveCfg = Release|Any CPU
		{4D55F4D8-633B-462F-A5B1-FEB84BD2D534}.Release|Any CPU.Build.0 = Release|Any CPU
		{F1DB185C-2FE2-4D11-9DF9-914D0F4A9B9E}.Debug|Any CPU.ActiveCfg = Debug|Any CPU
		{F1DB185C-2FE2-4D11-9DF9-914D0F4A9B9E}.Debug|Any CPU.Build.0 = Debug|Any CPU
		{F1DB185C-2FE2-4D11-9DF9-914D0F4A9B9E}.Release|Any CPU.ActiveCfg = Release|Any CPU
		{F1DB185C-2FE2-4D11-9DF9-914D0F4A9B9E}.Release|Any CPU.Build.0 = Release|Any CPU
	EndGlobalSection
	GlobalSection(SolutionProperties) = preSolution
		HideSolutionNode = FALSE
	EndGlobalSection
EndGlobal
